github.com/axgle/mahonia v0.0.0-20180208002826-3358181d7394 h1:OYA+5W64v3OgClL+IrOD63t4i/RW7RqrAVl9LTZ9UqQ=
github.com/axgle/mahonia v0.0.0-20180208002826-3358181d7394/go.mod h1:Q8n74mJTIgjX4RBBcHnJ05h//6/k6foqmgE45jTQtxg=
github.com/rodrigocfd/windigo v0.0.0-20211117032211-ea6c7104d17b h1:FW9SwoPXxhYeBDnop0Xu1K6gFlxr1GDup3ivPYYRBQo=
github.com/rodrigocfd/windigo v0.0.0-20211117032211-ea6c7104d17b/go.mod h1:MW/87P744bxkvl5bw4PIAt9OHy56IyIqIRcotQUpG50=
github.com/rodrigocfd/windigo v0.0.0-20211117033924-e2955254c4ce h1:9Xkz6TZ7F5qmUDYiFDV1nehTV5QuvwwzwPeO2wQq0JY=
github.com/rodrigocfd/windigo v0.0.0-20211117033924-e2955254c4ce/go.mod h1:MW/87P744bxkvl5bw4PIAt9OHy56IyIqIRcotQUpG50=
github.com/rogeecn/windigo v0.0.0-20211117063629-7fd4674fe401 h1:L3XN+QIyVVepxTCFhMQbMLT6e8nI+RFA9X67ujAB/W8=
github.com/rogeecn/windigo v0.0.0-20211117063629-7fd4674fe401/go.mod h1:mJ4rGWAeua45qt4VEp8hHutv7Mz+yB5CbbyiyntjqEE=
github.com/rogeecn/windigo v0.0.0-20211124021235-5effd8c57509 h1:/rnDqkRdF575QX74LqnzBltcblt5tWGEMWw4fBZFM2U=
github.com/rogeecn/windigo v0.0.0-20211124021235-5effd8c57509/go.mod h1:MW/87P744bxkvl5bw4PIAt9OHy56IyIqIRcotQUpG50=
github.com/rogeecn/wingo v0.0.0-20211117072823-54fb436fec11 h1:jAN4ou7lQiOJG28iohK8lUEk4hThkV28jHlhjPB2Afg=
github.com/rogeecn/wingo v0.0.0-20211117072823-54fb436fec11/go.mod h1:9RAZN5eUFOR+tUwoCdH86Sqo1FW/wpH8zAZWL+T2OP4=
